// !$*UTF8*$!
{
	archiveVersion = 1;
	classes = {
	};
	objectVersion = 56;
	objects = {

/* Begin PBXBuildFile section */
		542568032CD5307100B141CE /* HistoryViewController.swift in Sources */ = {isa = PBXBuildFile; fileRef = 542568022CD5307100B141CE /* HistoryViewController.swift */; };
		5436152F2CCC86860063BB7F /* AppDelegate.swift in Sources */ = {isa = PBXBuildFile; fileRef = 5436152E2CCC86860063BB7F /* AppDelegate.swift */; };
		543615312CCC86860063BB7F /* SceneDelegate.swift in Sources */ = {isa = PBXBuildFile; fileRef = 543615302CCC86860063BB7F /* SceneDelegate.swift */; };
		543615332CCC86860063BB7F /* ViewController.swift in Sources */ = {isa = PBXBuildFile; fileRef = 543615322CCC86860063BB7F /* ViewController.swift */; };
		543615362CCC86860063BB7F /* Base in Resources */ = {isa = PBXBuildFile; fileRef = 543615352CCC86860063BB7F /* Base */; };
		543615392CCC86860063BB7F /* FinalProject_CSE438.xcdatamodeld in Sources */ = {isa = PBXBuildFile; fileRef = 543615372CCC86860063BB7F /* FinalProject_CSE438.xcdatamodeld */; };
		5436153B2CCC86880063BB7F /* Assets.xcassets in Resources */ = {isa = PBXBuildFile; fileRef = 5436153A2CCC86880063BB7F /* Assets.xcassets */; };
		5436153E2CCC86880063BB7F /* Base in Resources */ = {isa = PBXBuildFile; fileRef = 5436153D2CCC86880063BB7F /* Base */; };
		546129B92CD2901C00098578 /* ChatBubbleCell.swift in Sources */ = {isa = PBXBuildFile; fileRef = 546129B82CD2901C00098578 /* ChatBubbleCell.swift */; };
		87658A842CE2BD0D004EA353 /* microphone.swift in Sources */ = {isa = PBXBuildFile; fileRef = 87658A832CE2BD0D004EA353 /* microphone.swift */; };
		87658A872CE2CFB9004EA353 /* Algorithms in Frameworks */ = {isa = PBXBuildFile; productRef = 87658A862CE2CFB9004EA353 /* Algorithms */; };
		87658A8A2CE2CFCD004EA353 /* VoiceRecorderKit in Frameworks */ = {isa = PBXBuildFile; productRef = 87658A892CE2CFCD004EA353 /* VoiceRecorderKit */; };
		AF50AB902CDC499C00AB4B30 /* ChatManager.swift in Sources */ = {isa = PBXBuildFile; fileRef = AF50AB8F2CDC499C00AB4B30 /* ChatManager.swift */; };
		AF6A2BE02CDAA7200088F247 /* APICaller.swift in Sources */ = {isa = PBXBuildFile; fileRef = AF6A2BDF2CDAA7200088F247 /* APICaller.swift */; };
/* End PBXBuildFile section */

/* Begin PBXFileReference section */
		542568022CD5307100B141CE /* HistoryViewController.swift */ = {isa = PBXFileReference; lastKnownFileType = sourcecode.swift; path = HistoryViewController.swift; sourceTree = "<group>"; };
		5436152B2CCC86860063BB7F /* FinalProject-CSE438.app */ = {isa = PBXFileReference; explicitFileType = wrapper.application; includeInIndex = 0; path = "FinalProject-CSE438.app"; sourceTree = BUILT_PRODUCTS_DIR; };
		5436152E2CCC86860063BB7F /* AppDelegate.swift */ = {isa = PBXFileReference; lastKnownFileType = sourcecode.swift; path = AppDelegate.swift; sourceTree = "<group>"; };
		543615302CCC86860063BB7F /* SceneDelegate.swift */ = {isa = PBXFileReference; lastKnownFileType = sourcecode.swift; path = SceneDelegate.swift; sourceTree = "<group>"; };
		543615322CCC86860063BB7F /* ViewController.swift */ = {isa = PBXFileReference; lastKnownFileType = sourcecode.swift; path = ViewController.swift; sourceTree = "<group>"; };
		543615352CCC86860063BB7F /* Base */ = {isa = PBXFileReference; lastKnownFileType = file.storyboard; name = Base; path = Base.lproj/Main.storyboard; sourceTree = "<group>"; };
		543615382CCC86860063BB7F /* FinalProject_CSE438.xcdatamodel */ = {isa = PBXFileReference; lastKnownFileType = wrapper.xcdatamodel; path = FinalProject_CSE438.xcdatamodel; sourceTree = "<group>"; };
		5436153A2CCC86880063BB7F /* Assets.xcassets */ = {isa = PBXFileReference; lastKnownFileType = folder.assetcatalog; path = Assets.xcassets; sourceTree = "<group>"; };
		5436153D2CCC86880063BB7F /* Base */ = {isa = PBXFileReference; lastKnownFileType = file.storyboard; name = Base; path = Base.lproj/LaunchScreen.storyboard; sourceTree = "<group>"; };
		5436153F2CCC86880063BB7F /* Info.plist */ = {isa = PBXFileReference; lastKnownFileType = text.plist.xml; path = Info.plist; sourceTree = "<group>"; };
		546129B82CD2901C00098578 /* ChatBubbleCell.swift */ = {isa = PBXFileReference; lastKnownFileType = sourcecode.swift; path = ChatBubbleCell.swift; sourceTree = "<group>"; };
		87658A832CE2BD0D004EA353 /* microphone.swift */ = {isa = PBXFileReference; lastKnownFileType = sourcecode.swift; path = microphone.swift; sourceTree = "<group>"; };
		AF50AB8F2CDC499C00AB4B30 /* ChatManager.swift */ = {isa = PBXFileReference; lastKnownFileType = sourcecode.swift; path = ChatManager.swift; sourceTree = "<group>"; };
		AF6A2BDF2CDAA7200088F247 /* APICaller.swift */ = {isa = PBXFileReference; lastKnownFileType = sourcecode.swift; path = APICaller.swift; sourceTree = "<group>"; };
/* End PBXFileReference section */

/* Begin PBXFrameworksBuildPhase section */
		543615282CCC86860063BB7F /* Frameworks */ = {
			isa = PBXFrameworksBuildPhase;
			buildActionMask = 2147483647;
			files = (
				87658A8A2CE2CFCD004EA353 /* VoiceRecorderKit in Frameworks */,
				87658A872CE2CFB9004EA353 /* Algorithms in Frameworks */,
			);
			runOnlyForDeploymentPostprocessing = 0;
		};
/* End PBXFrameworksBuildPhase section */

/* Begin PBXGroup section */
		543615222CCC86860063BB7F = {
			isa = PBXGroup;
			children = (
				5436152D2CCC86860063BB7F /* FinalProject-CSE438 */,
				5436152C2CCC86860063BB7F /* Products */,
			);
			sourceTree = "<group>";
		};
		5436152C2CCC86860063BB7F /* Products */ = {
			isa = PBXGroup;
			children = (
				5436152B2CCC86860063BB7F /* FinalProject-CSE438.app */,
			);
			name = Products;
			sourceTree = "<group>";
		};
		5436152D2CCC86860063BB7F /* FinalProject-CSE438 */ = {
			isa = PBXGroup;
			children = (
				5436152E2CCC86860063BB7F /* AppDelegate.swift */,
				543615302CCC86860063BB7F /* SceneDelegate.swift */,
				543615322CCC86860063BB7F /* ViewController.swift */,
				546129B82CD2901C00098578 /* ChatBubbleCell.swift */,
				543615342CCC86860063BB7F /* Main.storyboard */,
				542568022CD5307100B141CE /* HistoryViewController.swift */,
				5436153A2CCC86880063BB7F /* Assets.xcassets */,
				5436153C2CCC86880063BB7F /* LaunchScreen.storyboard */,
				5436153F2CCC86880063BB7F /* Info.plist */,
				543615372CCC86860063BB7F /* FinalProject_CSE438.xcdatamodeld */,
				AF6A2BDF2CDAA7200088F247 /* APICaller.swift */,
				AF50AB8F2CDC499C00AB4B30 /* ChatManager.swift */,
				87658A832CE2BD0D004EA353 /* microphone.swift */,
			);
			path = "FinalProject-CSE438";
			sourceTree = "<group>";
		};
/* End PBXGroup section */

/* Begin PBXNativeTarget section */
		5436152A2CCC86860063BB7F /* FinalProject-CSE438 */ = {
			isa = PBXNativeTarget;
			buildConfigurationList = 543615422CCC86880063BB7F /* Build configuration list for PBXNativeTarget "FinalProject-CSE438" */;
			buildPhases = (
				543615272CCC86860063BB7F /* Sources */,
				543615282CCC86860063BB7F /* Frameworks */,
				543615292CCC86860063BB7F /* Resources */,
			);
			buildRules = (
			);
			dependencies = (
			);
			name = "FinalProject-CSE438";
			packageProductDependencies = (
				87658A862CE2CFB9004EA353 /* Algorithms */,
				87658A892CE2CFCD004EA353 /* VoiceRecorderKit */,
			);
			productName = "FinalProject-CSE438";
			productReference = 5436152B2CCC86860063BB7F /* FinalProject-CSE438.app */;
			productType = "com.apple.product-type.application";
		};
/* End PBXNativeTarget section */

/* Begin PBXProject section */
		543615232CCC86860063BB7F /* Project object */ = {
			isa = PBXProject;
			attributes = {
				BuildIndependentTargetsInParallel = 1;
				LastSwiftUpdateCheck = 1540;
				LastUpgradeCheck = 1540;
				TargetAttributes = {
					5436152A2CCC86860063BB7F = {
						CreatedOnToolsVersion = 15.4;
					};
				};
			};
			buildConfigurationList = 543615262CCC86860063BB7F /* Build configuration list for PBXProject "FinalProject-CSE438" */;
			compatibilityVersion = "Xcode 14.0";
			developmentRegion = en;
			hasScannedForEncodings = 0;
			knownRegions = (
				en,
				Base,
			);
			mainGroup = 543615222CCC86860063BB7F;
			packageReferences = (
				87658A852CE2CFB9004EA353 /* XCRemoteSwiftPackageReference "swift-algorithms" */,
				87658A882CE2CFCD004EA353 /* XCRemoteSwiftPackageReference "VoiceRecorderKit" */,
			);
			productRefGroup = 5436152C2CCC86860063BB7F /* Products */;
			projectDirPath = "";
			projectRoot = "";
			targets = (
				5436152A2CCC86860063BB7F /* FinalProject-CSE438 */,
			);
		};
/* End PBXProject section */

/* Begin PBXResourcesBuildPhase section */
		543615292CCC86860063BB7F /* Resources */ = {
			isa = PBXResourcesBuildPhase;
			buildActionMask = 2147483647;
			files = (
				5436153B2CCC86880063BB7F /* Assets.xcassets in Resources */,
				5436153E2CCC86880063BB7F /* Base in Resources */,
				543615362CCC86860063BB7F /* Base in Resources */,
			);
			runOnlyForDeploymentPostprocessing = 0;
		};
/* End PBXResourcesBuildPhase section */

/* Begin PBXSourcesBuildPhase section */
		543615272CCC86860063BB7F /* Sources */ = {
			isa = PBXSourcesBuildPhase;
			buildActionMask = 2147483647;
			files = (
				543615392CCC86860063BB7F /* FinalProject_CSE438.xcdatamodeld in Sources */,
				546129B92CD2901C00098578 /* ChatBubbleCell.swift in Sources */,
				543615332CCC86860063BB7F /* ViewController.swift in Sources */,
				AF6A2BE02CDAA7200088F247 /* APICaller.swift in Sources */,
				542568032CD5307100B141CE /* HistoryViewController.swift in Sources */,
				5436152F2CCC86860063BB7F /* AppDelegate.swift in Sources */,
				87658A842CE2BD0D004EA353 /* microphone.swift in Sources */,
				543615312CCC86860063BB7F /* SceneDelegate.swift in Sources */,
				AF50AB902CDC499C00AB4B30 /* ChatManager.swift in Sources */,
			);
			runOnlyForDeploymentPostprocessing = 0;
		};
/* End PBXSourcesBuildPhase section */

/* Begin PBXVariantGroup section */
		543615342CCC86860063BB7F /* Main.storyboard */ = {
			isa = PBXVariantGroup;
			children = (
				543615352CCC86860063BB7F /* Base */,
			);
			name = Main.storyboard;
			sourceTree = "<group>";
		};
		5436153C2CCC86880063BB7F /* LaunchScreen.storyboard */ = {
			isa = PBXVariantGroup;
			children = (
				5436153D2CCC86880063BB7F /* Base */,
			);
			name = LaunchScreen.storyboard;
			sourceTree = "<group>";
		};
/* End PBXVariantGroup section */

/* Begin XCBuildConfiguration section */
		543615402CCC86880063BB7F /* Debug */ = {
			isa = XCBuildConfiguration;
			buildSettings = {
				ALWAYS_SEARCH_USER_PATHS = NO;
				ASSETCATALOG_COMPILER_GENERATE_SWIFT_ASSET_SYMBOL_EXTENSIONS = YES;
				CLANG_ANALYZER_NONNULL = YES;
				CLANG_ANALYZER_NUMBER_OBJECT_CONVERSION = YES_AGGRESSIVE;
				CLANG_CXX_LANGUAGE_STANDARD = "gnu++20";
				CLANG_ENABLE_MODULES = YES;
				CLANG_ENABLE_OBJC_ARC = YES;
				CLANG_ENABLE_OBJC_WEAK = YES;
				CLANG_WARN_BLOCK_CAPTURE_AUTORELEASING = YES;
				CLANG_WARN_BOOL_CONVERSION = YES;
				CLANG_WARN_COMMA = YES;
				CLANG_WARN_CONSTANT_CONVERSION = YES;
				CLANG_WARN_DEPRECATED_OBJC_IMPLEMENTATIONS = YES;
				CLANG_WARN_DIRECT_OBJC_ISA_USAGE = YES_ERROR;
				CLANG_WARN_DOCUMENTATION_COMMENTS = YES;
				CLANG_WARN_EMPTY_BODY = YES;
				CLANG_WARN_ENUM_CONVERSION = YES;
				CLANG_WARN_INFINITE_RECURSION = YES;
				CLANG_WARN_INT_CONVERSION = YES;
				CLANG_WARN_NON_LITERAL_NULL_CONVERSION = YES;
				CLANG_WARN_OBJC_IMPLICIT_RETAIN_SELF = YES;
				CLANG_WARN_OBJC_LITERAL_CONVERSION = YES;
				CLANG_WARN_OBJC_ROOT_CLASS = YES_ERROR;
				CLANG_WARN_QUOTED_INCLUDE_IN_FRAMEWORK_HEADER = YES;
				CLANG_WARN_RANGE_LOOP_ANALYSIS = YES;
				CLANG_WARN_STRICT_PROTOTYPES = YES;
				CLANG_WARN_SUSPICIOUS_MOVE = YES;
				CLANG_WARN_UNGUARDED_AVAILABILITY = YES_AGGRESSIVE;
				CLANG_WARN_UNREACHABLE_CODE = YES;
				CLANG_WARN__DUPLICATE_METHOD_MATCH = YES;
				COPY_PHASE_STRIP = NO;
				DEBUG_INFORMATION_FORMAT = dwarf;
				ENABLE_STRICT_OBJC_MSGSEND = YES;
				ENABLE_TESTABILITY = YES;
				ENABLE_USER_SCRIPT_SANDBOXING = YES;
				GCC_C_LANGUAGE_STANDARD = gnu17;
				GCC_DYNAMIC_NO_PIC = NO;
				GCC_NO_COMMON_BLOCKS = YES;
				GCC_OPTIMIZATION_LEVEL = 0;
				GCC_PREPROCESSOR_DEFINITIONS = (
					"DEBUG=1",
					"$(inherited)",
				);
				GCC_WARN_64_TO_32_BIT_CONVERSION = YES;
				GCC_WARN_ABOUT_RETURN_TYPE = YES_ERROR;
				GCC_WARN_UNDECLARED_SELECTOR = YES;
				GCC_WARN_UNINITIALIZED_AUTOS = YES_AGGRESSIVE;
				GCC_WARN_UNUSED_FUNCTION = YES;
				GCC_WARN_UNUSED_VARIABLE = YES;
				IPHONEOS_DEPLOYMENT_TARGET = 17.5;
				LOCALIZATION_PREFERS_STRING_CATALOGS = YES;
				MTL_ENABLE_DEBUG_INFO = INCLUDE_SOURCE;
				MTL_FAST_MATH = YES;
				ONLY_ACTIVE_ARCH = YES;
				SDKROOT = iphoneos;
				SWIFT_ACTIVE_COMPILATION_CONDITIONS = "DEBUG $(inherited)";
				SWIFT_OPTIMIZATION_LEVEL = "-Onone";
			};
			name = Debug;
		};
		543615412CCC86880063BB7F /* Release */ = {
			isa = XCBuildConfiguration;
			buildSettings = {
				ALWAYS_SEARCH_USER_PATHS = NO;
				ASSETCATALOG_COMPILER_GENERATE_SWIFT_ASSET_SYMBOL_EXTENSIONS = YES;
				CLANG_ANALYZER_NONNULL = YES;
				CLANG_ANALYZER_NUMBER_OBJECT_CONVERSION = YES_AGGRESSIVE;
				CLANG_CXX_LANGUAGE_STANDARD = "gnu++20";
				CLANG_ENABLE_MODULES = YES;
				CLANG_ENABLE_OBJC_ARC = YES;
				CLANG_ENABLE_OBJC_WEAK = YES;
				CLANG_WARN_BLOCK_CAPTURE_AUTORELEASING = YES;
				CLANG_WARN_BOOL_CONVERSION = YES;
				CLANG_WARN_COMMA = YES;
				CLANG_WARN_CONSTANT_CONVERSION = YES;
				CLANG_WARN_DEPRECATED_OBJC_IMPLEMENTATIONS = YES;
				CLANG_WARN_DIRECT_OBJC_ISA_USAGE = YES_ERROR;
				CLANG_WARN_DOCUMENTATION_COMMENTS = YES;
				CLANG_WARN_EMPTY_BODY = YES;
				CLANG_WARN_ENUM_CONVERSION = YES;
				CLANG_WARN_INFINITE_RECURSION = YES;
				CLANG_WARN_INT_CONVERSION = YES;
				CLANG_WARN_NON_LITERAL_NULL_CONVERSION = YES;
				CLANG_WARN_OBJC_IMPLICIT_RETAIN_SELF = YES;
				CLANG_WARN_OBJC_LITERAL_CONVERSION = YES;
				CLANG_WARN_OBJC_ROOT_CLASS = YES_ERROR;
				CLANG_WARN_QUOTED_INCLUDE_IN_FRAMEWORK_HEADER = YES;
				CLANG_WARN_RANGE_LOOP_ANALYSIS = YES;
				CLANG_WARN_STRICT_PROTOTYPES = YES;
				CLANG_WARN_SUSPICIOUS_MOVE = YES;
				CLANG_WARN_UNGUARDED_AVAILABILITY = YES_AGGRESSIVE;
				CLANG_WARN_UNREACHABLE_CODE = YES;
				CLANG_WARN__DUPLICATE_METHOD_MATCH = YES;
				COPY_PHASE_STRIP = NO;
				DEBUG_INFORMATION_FORMAT = "dwarf-with-dsym";
				ENABLE_NS_ASSERTIONS = NO;
				ENABLE_STRICT_OBJC_MSGSEND = YES;
				ENABLE_USER_SCRIPT_SANDBOXING = YES;
				GCC_C_LANGUAGE_STANDARD = gnu17;
				GCC_NO_COMMON_BLOCKS = YES;
				GCC_WARN_64_TO_32_BIT_CONVERSION = YES;
				GCC_WARN_ABOUT_RETURN_TYPE = YES_ERROR;
				GCC_WARN_UNDECLARED_SELECTOR = YES;
				GCC_WARN_UNINITIALIZED_AUTOS = YES_AGGRESSIVE;
				GCC_WARN_UNUSED_FUNCTION = YES;
				GCC_WARN_UNUSED_VARIABLE = YES;
				IPHONEOS_DEPLOYMENT_TARGET = 17.5;
				LOCALIZATION_PREFERS_STRING_CATALOGS = YES;
				MTL_ENABLE_DEBUG_INFO = NO;
				MTL_FAST_MATH = YES;
				SDKROOT = iphoneos;
				SWIFT_COMPILATION_MODE = wholemodule;
				VALIDATE_PRODUCT = YES;
			};
			name = Release;
		};
		543615432CCC86880063BB7F /* Debug */ = {
			isa = XCBuildConfiguration;
			buildSettings = {
				ASSETCATALOG_COMPILER_APPICON_NAME = AppIcon;
				ASSETCATALOG_COMPILER_GLOBAL_ACCENT_COLOR_NAME = AccentColor;
				CODE_SIGN_STYLE = Automatic;
				CURRENT_PROJECT_VERSION = 1;
				DEVELOPMENT_TEAM = 3WPXSLBF36;
				GENERATE_INFOPLIST_FILE = YES;
				INFOPLIST_FILE = "FinalProject-CSE438/Info.plist";
				INFOPLIST_KEY_UIApplicationSupportsIndirectInputEvents = YES;
				INFOPLIST_KEY_UILaunchStoryboardName = LaunchScreen;
				INFOPLIST_KEY_UIMainStoryboardFile = Main;
				INFOPLIST_KEY_UISupportedInterfaceOrientations_iPad = "UIInterfaceOrientationPortrait UIInterfaceOrientationPortraitUpsideDown UIInterfaceOrientationLandscapeLeft UIInterfaceOrientationLandscapeRight";
				INFOPLIST_KEY_UISupportedInterfaceOrientations_iPhone = "UIInterfaceOrientationPortrait UIInterfaceOrientationLandscapeLeft UIInterfaceOrientationLandscapeRight";
				LD_RUNPATH_SEARCH_PATHS = (
					"$(inherited)",
					"@executable_path/Frameworks",
				);
				MARKETING_VERSION = 1.0;
				PRODUCT_BUNDLE_IDENTIFIER = "com.radiantapps.FinalProject-CSE438";
				PRODUCT_NAME = "$(TARGET_NAME)";
				SWIFT_EMIT_LOC_STRINGS = YES;
				SWIFT_VERSION = 5.0;
				TARGETED_DEVICE_FAMILY = "1,2";
			};
			name = Debug;
		};
		543615442CCC86880063BB7F /* Release */ = {
			isa = XCBuildConfiguration;
			buildSettings = {
				ASSETCATALOG_COMPILER_APPICON_NAME = AppIcon;
				ASSETCATALOG_COMPILER_GLOBAL_ACCENT_COLOR_NAME = AccentColor;
				CODE_SIGN_STYLE = Automatic;
				CURRENT_PROJECT_VERSION = 1;
				DEVELOPMENT_TEAM = 3WPXSLBF36;
				GENERATE_INFOPLIST_FILE = YES;
				INFOPLIST_FILE = "FinalProject-CSE438/Info.plist";
				INFOPLIST_KEY_UIApplicationSupportsIndirectInputEvents = YES;
				INFOPLIST_KEY_UILaunchStoryboardName = LaunchScreen;
				INFOPLIST_KEY_UIMainStoryboardFile = Main;
				INFOPLIST_KEY_UISupportedInterfaceOrientations_iPad = "UIInterfaceOrientationPortrait UIInterfaceOrientationPortraitUpsideDown UIInterfaceOrientationLandscapeLeft UIInterfaceOrientationLandscapeRight";
				INFOPLIST_KEY_UISupportedInterfaceOrientations_iPhone = "UIInterfaceOrientationPortrait UIInterfaceOrientationLandscapeLeft UIInterfaceOrientationLandscapeRight";
				LD_RUNPATH_SEARCH_PATHS = (
					"$(inherited)",
					"@executable_path/Frameworks",
				);
				MARKETING_VERSION = 1.0;
				PRODUCT_BUNDLE_IDENTIFIER = "com.radiantapps.FinalProject-CSE438";
				PRODUCT_NAME = "$(TARGET_NAME)";
				SWIFT_EMIT_LOC_STRINGS = YES;
				SWIFT_VERSION = 5.0;
				TARGETED_DEVICE_FAMILY = "1,2";
			};
			name = Release;
		};
/* End XCBuildConfiguration section */

/* Begin XCConfigurationList section */
		543615262CCC86860063BB7F /* Build configuration list for PBXProject "FinalProject-CSE438" */ = {
			isa = XCConfigurationList;
			buildConfigurations = (
				543615402CCC86880063BB7F /* Debug */,
				543615412CCC86880063BB7F /* Release */,
			);
			defaultConfigurationIsVisible = 0;
			defaultConfigurationName = Release;
		};
		543615422CCC86880063BB7F /* Build configuration list for PBXNativeTarget "FinalProject-CSE438" */ = {
			isa = XCConfigurationList;
			buildConfigurations = (
				543615432CCC86880063BB7F /* Debug */,
				543615442CCC86880063BB7F /* Release */,
			);
			defaultConfigurationIsVisible = 0;
			defaultConfigurationName = Release;
		};
/* End XCConfigurationList section */

/* Begin XCRemoteSwiftPackageReference section */
		87658A852CE2CFB9004EA353 /* XCRemoteSwiftPackageReference "swift-algorithms" */ = {
			isa = XCRemoteSwiftPackageReference;
			repositoryURL = "https://github.com/apple/swift-algorithms.git";
			requirement = {
				kind = upToNextMajorVersion;
				minimumVersion = 1.2.0;
			};
		};
		87658A882CE2CFCD004EA353 /* XCRemoteSwiftPackageReference "VoiceRecorderKit" */ = {
			isa = XCRemoteSwiftPackageReference;
			repositoryURL = "https://github.com/devdchaudhary/VoiceRecorderKit";
			requirement = {
				branch = main;
				kind = branch;
			};
		};
/* End XCRemoteSwiftPackageReference section */

/* Begin XCSwiftPackageProductDependency section */
		87658A862CE2CFB9004EA353 /* Algorithms */ = {
			isa = XCSwiftPackageProductDependency;
			package = 87658A852CE2CFB9004EA353 /* XCRemoteSwiftPackageReference "swift-algorithms" */;
			productName = Algorithms;
		};
		87658A892CE2CFCD004EA353 /* VoiceRecorderKit */ = {
			isa = XCSwiftPackageProductDependency;
			package = 87658A882CE2CFCD004EA353 /* XCRemoteSwiftPackageReference "VoiceRecorderKit" */;
			productName = VoiceRecorderKit;
		};
/* End XCSwiftPackageProductDependency section */

/* Begin XCVersionGroup section */
		543615372CCC86860063BB7F /* FinalProject_CSE438.xcdatamodeld */ = {
			isa = XCVersionGroup;
			children = (
				543615382CCC86860063BB7F /* FinalProject_CSE438.xcdatamodel */,
			);
			currentVersion = 543615382CCC86860063BB7F /* FinalProject_CSE438.xcdatamodel */;
			path = FinalProject_CSE438.xcdatamodeld;
			sourceTree = "<group>";
			versionGroupType = wrapper.xcdatamodel;
		};
/* End XCVersionGroup section */
	};
	rootObject = 543615232CCC86860063BB7F /* Project object */;
}
